
Microsoft Visual Studio Solution File, Format Version 12.00
# Visual Studio 2013
VisualStudioVersion = 12.0.31101.0
MinimumVisualStudioVersion = 10.0.40219.1
Project("{FAE04EC0-301F-11D3-BF4B-00C04F79EFBC}") = "CommonUtils", "CommonUtils\CommonUtils.csproj", "{DBA22CD8-AC89-4902-8E44-F4771875E781}"
EndProject
Project("{FAE04EC0-301F-11D3-BF4B-00C04F79EFBC}") = "CollectionsWithRoles", "CollectionsWithRoles\CollectionsWithRoles.csproj", "{7F7EBFB0-2BF4-44D8-B96F-ACCC5F99F529}"
EndProject
Project("{FAE04EC0-301F-11D3-BF4B-00C04F79EFBC}") = "UtilPack", "UtilPack\UtilPack.csproj", "{656F55B6-085C-42A6-B004-A5C517DEB525}"
EndProject
Project("{FAE04EC0-301F-11D3-BF4B-00C04F79EFBC}") = "CILAssemblyManipulator.Core", "CILAssemblyManipulator\CILAssemblyManipulator.Coree\CILAssemblyManipulator.Core.csproj", "{AEABB192-070F-4C75-BDAE-7E29496026AE}"
EndProject
Project("{FAE04EC0-301F-11D3-BF4B-00C04F79EFBC}") = "CILAssemblyManipulator.MResources", "CILAssemblyManipulator\CILAssemblyManipulator.MResources\CILAssemblyManipulator.MResources.csproj", "{99FCB99E-C7EB-49D0-980F-86E61F874FCB}"
EndProject
Project("{FAE04EC0-301F-11D3-BF4B-00C04F79EFBC}") = "CILAssemblyManipulator.PDB", "CILAssemblyManipulator\CILAssemblyManipulator.PDB\CILAssemblyManipulator.PDB.csproj", "{5F874824-AEA5-45A0-A0A2-408210397B08}"
EndProject
Project("{FAE04EC0-301F-11D3-BF4B-00C04F79EFBC}") = "ApplicationParameters", "ApplicationParameters\ApplicationParameters.csproj", "{30FF1A5B-C34F-4569-8955-03CB6DC30ED1}"
EndProject
Project("{FAE04EC0-301F-11D3-BF4B-00C04F79EFBC}") = "CILMerge.DLL", "CILMerge\CILMerge.DLL\CILMerge.DLL.csproj", "{B9BBE0CA-0EBA-4FC9-B433-FE358DA4080B}"
EndProject
Project("{FAE04EC0-301F-11D3-BF4B-00C04F79EFBC}") = "CILMerge.EXE", "CILMerge\CILMerge.EXE\CILMerge.EXE.csproj", "{5A1DFC90-1497-475C-8141-D5633D24F891}"
EndProject
Project("{FAE04EC0-301F-11D3-BF4B-00C04F79EFBC}") = "CILMerge.MSBuild", "CILMerge\CILMerge.MSBuild\CILMerge.MSBuild.csproj", "{5CCF622D-5695-410C-B753-ABA937698414}"
EndProject
Project("{FAE04EC0-301F-11D3-BF4B-00C04F79EFBC}") = "CILAssemblyManipulator.Tests", "CILAssemblyManipulator.Tests\CILAssemblyManipulator.Tests.csproj", "{453B15C8-2AB2-4379-A2FB-EAC3E83A7922}"
EndProject
Project("{FAE04EC0-301F-11D3-BF4B-00C04F79EFBC}") = "CILAssemblyManipulator.Physical", "CILAssemblyManipulator\CILAssemblyManipulator.Physical\CILAssemblyManipulator.Physical.csproj", "{F8BA1950-209D-477F-83D6-3F969C0CBEE6}"
EndProject
Project("{FAE04EC0-301F-11D3-BF4B-00C04F79EFBC}") = "CILAssemblyManipulator.Logical", "CILAssemblyManipulator\CILAssemblyManipulator.Logical\CILAssemblyManipulator.Logical.csproj", "{A1DAC89C-5076-4455-83AF-261FAC8F4C7C}"
EndProject
Project("{FAE04EC0-301F-11D3-BF4B-00C04F79EFBC}") = "CILAssemblyManipulator.Tests.Runner", "CILAssemblyManipulator.Tests.Runner\CILAssemblyManipulator.Tests.Runner.csproj", "{E6CE7F1E-1BD2-4761-8086-1B4F3C4AE03E}"
EndProject
Project("{FAE04EC0-301F-11D3-BF4B-00C04F79EFBC}") = "CILAssemblyManipulator.Structural", "CILAssemblyManipulator\CILAssemblyManipulator.Structural\CILAssemblyManipulator.Structural.csproj", "{7384961E-6335-4312-AF87-1189AE260572}"
EndProject
Global
	GlobalSection(SolutionConfigurationPlatforms) = preSolution
		Debug_SL|Any CPU = Debug_SL|Any CPU
		Debug_WP|Any CPU = Debug_WP|Any CPU
		Debug|Any CPU = Debug|Any CPU
		Release_WP|Any CPU = Release_WP|Any CPU
		Release|Any CPU = Release|Any CPU
	EndGlobalSection
	GlobalSection(ProjectConfigurationPlatforms) = postSolution
		{DBA22CD8-AC89-4902-8E44-F4771875E781}.Debug_SL|Any CPU.ActiveCfg = Debug_SL|Any CPU
		{DBA22CD8-AC89-4902-8E44-F4771875E781}.Debug_SL|Any CPU.Build.0 = Debug_SL|Any CPU
		{DBA22CD8-AC89-4902-8E44-F4771875E781}.Debug_WP|Any CPU.ActiveCfg = Debug_WP|Any CPU
		{DBA22CD8-AC89-4902-8E44-F4771875E781}.Debug_WP|Any CPU.Build.0 = Debug_WP|Any CPU
		{DBA22CD8-AC89-4902-8E44-F4771875E781}.Debug|Any CPU.ActiveCfg = Debug_SL|Any CPU
		{DBA22CD8-AC89-4902-8E44-F4771875E781}.Debug|Any CPU.Build.0 = Debug_SL|Any CPU
		{DBA22CD8-AC89-4902-8E44-F4771875E781}.Release_WP|Any CPU.ActiveCfg = Release_WP|Any CPU
		{DBA22CD8-AC89-4902-8E44-F4771875E781}.Release_WP|Any CPU.Build.0 = Release_WP|Any CPU
		{DBA22CD8-AC89-4902-8E44-F4771875E781}.Release|Any CPU.ActiveCfg = Release|Any CPU
		{DBA22CD8-AC89-4902-8E44-F4771875E781}.Release|Any CPU.Build.0 = Release|Any CPU
		{7F7EBFB0-2BF4-44D8-B96F-ACCC5F99F529}.Debug_SL|Any CPU.ActiveCfg = Debug_SL|Any CPU
		{7F7EBFB0-2BF4-44D8-B96F-ACCC5F99F529}.Debug_SL|Any CPU.Build.0 = Debug_SL|Any CPU
		{7F7EBFB0-2BF4-44D8-B96F-ACCC5F99F529}.Debug_WP|Any CPU.ActiveCfg = Debug_SL|Any CPU
		{7F7EBFB0-2BF4-44D8-B96F-ACCC5F99F529}.Debug_WP|Any CPU.Build.0 = Debug_SL|Any CPU
		{7F7EBFB0-2BF4-44D8-B96F-ACCC5F99F529}.Debug|Any CPU.ActiveCfg = Debug_SL|Any CPU
		{7F7EBFB0-2BF4-44D8-B96F-ACCC5F99F529}.Debug|Any CPU.Build.0 = Debug_SL|Any CPU
		{7F7EBFB0-2BF4-44D8-B96F-ACCC5F99F529}.Release_WP|Any CPU.ActiveCfg = Release_SL|Any CPU
		{7F7EBFB0-2BF4-44D8-B96F-ACCC5F99F529}.Release_WP|Any CPU.Build.0 = Release_SL|Any CPU
		{7F7EBFB0-2BF4-44D8-B96F-ACCC5F99F529}.Release|Any CPU.ActiveCfg = Release|Any CPU
		{7F7EBFB0-2BF4-44D8-B96F-ACCC5F99F529}.Release|Any CPU.Build.0 = Release|Any CPU
		{656F55B6-085C-42A6-B004-A5C517DEB525}.Debug_SL|Any CPU.ActiveCfg = Debug_SL|Any CPU
		{656F55B6-085C-42A6-B004-A5C517DEB525}.Debug_WP|Any CPU.ActiveCfg = Debug_SL|Any CPU
		{656F55B6-085C-42A6-B004-A5C517DEB525}.Debug_WP|Any CPU.Build.0 = Debug_SL|Any CPU
		{656F55B6-085C-42A6-B004-A5C517DEB525}.Debug|Any CPU.ActiveCfg = Debug|Any CPU
		{656F55B6-085C-42A6-B004-A5C517DEB525}.Release_WP|Any CPU.ActiveCfg = Release_SL|Any CPU
		{656F55B6-085C-42A6-B004-A5C517DEB525}.Release_WP|Any CPU.Build.0 = Release_SL|Any CPU
		{656F55B6-085C-42A6-B004-A5C517DEB525}.Release|Any CPU.ActiveCfg = Release|Any CPU
		{656F55B6-085C-42A6-B004-A5C517DEB525}.Release|Any CPU.Build.0 = Release|Any CPU
		{AEABB192-070F-4C75-BDAE-7E29496026AE}.Debug_SL|Any CPU.ActiveCfg = Debug|Any CPU
		{AEABB192-070F-4C75-BDAE-7E29496026AE}.Debug_WP|Any CPU.ActiveCfg = Debug_WP|Any CPU
		{AEABB192-070F-4C75-BDAE-7E29496026AE}.Debug_WP|Any CPU.Build.0 = Debug_WP|Any CPU
		{AEABB192-070F-4C75-BDAE-7E29496026AE}.Debug|Any CPU.ActiveCfg = Debug|Any CPU
		{AEABB192-070F-4C75-BDAE-7E29496026AE}.Release_WP|Any CPU.ActiveCfg = Release_WP|Any CPU
		{AEABB192-070F-4C75-BDAE-7E29496026AE}.Release_WP|Any CPU.Build.0 = Release_WP|Any CPU
		{AEABB192-070F-4C75-BDAE-7E29496026AE}.Release|Any CPU.ActiveCfg = Release|Any CPU
		{AEABB192-070F-4C75-BDAE-7E29496026AE}.Release|Any CPU.Build.0 = Release|Any CPU
		{99FCB99E-C7EB-49D0-980F-86E61F874FCB}.Debug_SL|Any CPU.ActiveCfg = Debug|Any CPU
		{99FCB99E-C7EB-49D0-980F-86E61F874FCB}.Debug_SL|Any CPU.Build.0 = Debug|Any CPU
		{99FCB99E-C7EB-49D0-980F-86E61F874FCB}.Debug_WP|Any CPU.ActiveCfg = Debug_WP|Any CPU
		{99FCB99E-C7EB-49D0-980F-86E61F874FCB}.Debug_WP|Any CPU.Build.0 = Debug_WP|Any CPU
		{99FCB99E-C7EB-49D0-980F-86E61F874FCB}.Debug|Any CPU.ActiveCfg = Debug|Any CPU
		{99FCB99E-C7EB-49D0-980F-86E61F874FCB}.Debug|Any CPU.Build.0 = Debug|Any CPU
		{99FCB99E-C7EB-49D0-980F-86E61F874FCB}.Release_WP|Any CPU.ActiveCfg = Release_WP|Any CPU
		{99FCB99E-C7EB-49D0-980F-86E61F874FCB}.Release_WP|Any CPU.Build.0 = Release_WP|Any CPU
		{99FCB99E-C7EB-49D0-980F-86E61F874FCB}.Release|Any CPU.ActiveCfg = Release|Any CPU
		{99FCB99E-C7EB-49D0-980F-86E61F874FCB}.Release|Any CPU.Build.0 = Release|Any CPU
		{5F874824-AEA5-45A0-A0A2-408210397B08}.Debug_SL|Any CPU.ActiveCfg = Debug|Any CPU
		{5F874824-AEA5-45A0-A0A2-408210397B08}.Debug_SL|Any CPU.Build.0 = Debug|Any CPU
		{5F874824-AEA5-45A0-A0A2-408210397B08}.Debug_WP|Any CPU.ActiveCfg = Debug_WP|Any CPU
		{5F874824-AEA5-45A0-A0A2-408210397B08}.Debug_WP|Any CPU.Build.0 = Debug_WP|Any CPU
		{5F874824-AEA5-45A0-A0A2-408210397B08}.Debug|Any CPU.ActiveCfg = Debug|Any CPU
		{5F874824-AEA5-45A0-A0A2-408210397B08}.Debug|Any CPU.Build.0 = Debug|Any CPU
		{5F874824-AEA5-45A0-A0A2-408210397B08}.Release_WP|Any CPU.ActiveCfg = Release_WP|Any CPU
		{5F874824-AEA5-45A0-A0A2-408210397B08}.Release_WP|Any CPU.Build.0 = Release_WP|Any CPU
		{5F874824-AEA5-45A0-A0A2-408210397B08}.Release|Any CPU.ActiveCfg = Release|Any CPU
		{5F874824-AEA5-45A0-A0A2-408210397B08}.Release|Any CPU.Build.0 = Release|Any CPU
		{30FF1A5B-C34F-4569-8955-03CB6DC30ED1}.Debug_SL|Any CPU.ActiveCfg = Debug|Any CPU
		{30FF1A5B-C34F-4569-8955-03CB6DC30ED1}.Debug_SL|Any CPU.Build.0 = Debug|Any CPU
		{30FF1A5B-C34F-4569-8955-03CB6DC30ED1}.Debug_WP|Any CPU.ActiveCfg = Debug_WP|Any CPU
		{30FF1A5B-C34F-4569-8955-03CB6DC30ED1}.Debug_WP|Any CPU.Build.0 = Debug_WP|Any CPU
		{30FF1A5B-C34F-4569-8955-03CB6DC30ED1}.Debug|Any CPU.ActiveCfg = Debug|Any CPU
		{30FF1A5B-C34F-4569-8955-03CB6DC30ED1}.Debug|Any CPU.Build.0 = Debug|Any CPU
		{30FF1A5B-C34F-4569-8955-03CB6DC30ED1}.Release_WP|Any CPU.ActiveCfg = Release_WP|Any CPU
		{30FF1A5B-C34F-4569-8955-03CB6DC30ED1}.Release_WP|Any CPU.Build.0 = Release_WP|Any CPU
		{30FF1A5B-C34F-4569-8955-03CB6DC30ED1}.Release|Any CPU.ActiveCfg = Release|Any CPU
		{30FF1A5B-C34F-4569-8955-03CB6DC30ED1}.Release|Any CPU.Build.0 = Release|Any CPU
		{B9BBE0CA-0EBA-4FC9-B433-FE358DA4080B}.Debug_SL|Any CPU.ActiveCfg = Debug|Any CPU
		{B9BBE0CA-0EBA-4FC9-B433-FE358DA4080B}.Debug_SL|Any CPU.Build.0 = Debug|Any CPU
		{B9BBE0CA-0EBA-4FC9-B433-FE358DA4080B}.Debug_WP|Any CPU.ActiveCfg = Debug_WP|Any CPU
		{B9BBE0CA-0EBA-4FC9-B433-FE358DA4080B}.Debug_WP|Any CPU.Build.0 = Debug_WP|Any CPU
		{B9BBE0CA-0EBA-4FC9-B433-FE358DA4080B}.Debug|Any CPU.ActiveCfg = Debug|Any CPU
		{B9BBE0CA-0EBA-4FC9-B433-FE358DA4080B}.Debug|Any CPU.Build.0 = Debug|Any CPU
		{B9BBE0CA-0EBA-4FC9-B433-FE358DA4080B}.Release_WP|Any CPU.ActiveCfg = Release_WP|Any CPU
		{B9BBE0CA-0EBA-4FC9-B433-FE358DA4080B}.Release_WP|Any CPU.Build.0 = Release_WP|Any CPU
		{B9BBE0CA-0EBA-4FC9-B433-FE358DA4080B}.Release|Any CPU.ActiveCfg = Release|Any CPU
		{B9BBE0CA-0EBA-4FC9-B433-FE358DA4080B}.Release|Any CPU.Build.0 = Release|Any CPU
		{5A1DFC90-1497-475C-8141-D5633D24F891}.Debug_SL|Any CPU.ActiveCfg = Debug|Any CPU
		{5A1DFC90-1497-475C-8141-D5633D24F891}.Debug_SL|Any CPU.Build.0 = Debug|Any CPU
		{5A1DFC90-1497-475C-8141-D5633D24F891}.Debug_WP|Any CPU.ActiveCfg = Debug_WP|Any CPU
		{5A1DFC90-1497-475C-8141-D5633D24F891}.Debug_WP|Any CPU.Build.0 = Debug_WP|Any CPU
		{5A1DFC90-1497-475C-8141-D5633D24F891}.Debug|Any CPU.ActiveCfg = Debug|Any CPU
		{5A1DFC90-1497-475C-8141-D5633D24F891}.Debug|Any CPU.Build.0 = Debug|Any CPU
		{5A1DFC90-1497-475C-8141-D5633D24F891}.Release_WP|Any CPU.ActiveCfg = Release_WP|Any CPU
		{5A1DFC90-1497-475C-8141-D5633D24F891}.Release_WP|Any CPU.Build.0 = Release_WP|Any CPU
		{5A1DFC90-1497-475C-8141-D5633D24F891}.Release|Any CPU.ActiveCfg = Release|Any CPU
		{5A1DFC90-1497-475C-8141-D5633D24F891}.Release|Any CPU.Build.0 = Release|Any CPU
		{5CCF622D-5695-410C-B753-ABA937698414}.Debug_SL|Any CPU.ActiveCfg = Debug|Any CPU
		{5CCF622D-5695-410C-B753-ABA937698414}.Debug_WP|Any CPU.ActiveCfg = Debug_WP|Any CPU
		{5CCF622D-5695-410C-B753-ABA937698414}.Debug_WP|Any CPU.Build.0 = Debug_WP|Any CPU
		{5CCF622D-5695-410C-B753-ABA937698414}.Debug|Any CPU.ActiveCfg = Debug|Any CPU
		{5CCF622D-5695-410C-B753-ABA937698414}.Debug|Any CPU.Build.0 = Debug|Any CPU
		{5CCF622D-5695-410C-B753-ABA937698414}.Release_WP|Any CPU.ActiveCfg = Release_WP|Any CPU
		{5CCF622D-5695-410C-B753-ABA937698414}.Release_WP|Any CPU.Build.0 = Release_WP|Any CPU
		{5CCF622D-5695-410C-B753-ABA937698414}.Release|Any CPU.ActiveCfg = Release|Any CPU
		{5CCF622D-5695-410C-B753-ABA937698414}.Release|Any CPU.Build.0 = Release|Any CPU
		{453B15C8-2AB2-4379-A2FB-EAC3E83A7922}.Debug_SL|Any CPU.ActiveCfg = Debug|Any CPU
		{453B15C8-2AB2-4379-A2FB-EAC3E83A7922}.Debug_SL|Any CPU.Build.0 = Debug|Any CPU
		{453B15C8-2AB2-4379-A2FB-EAC3E83A7922}.Debug_WP|Any CPU.ActiveCfg = Debug|Any CPU
		{453B15C8-2AB2-4379-A2FB-EAC3E83A7922}.Debug_WP|Any CPU.Build.0 = Debug|Any CPU
		{453B15C8-2AB2-4379-A2FB-EAC3E83A7922}.Debug|Any CPU.ActiveCfg = Debug|Any CPU
		{453B15C8-2AB2-4379-A2FB-EAC3E83A7922}.Debug|Any CPU.Build.0 = Debug|Any CPU
		{453B15C8-2AB2-4379-A2FB-EAC3E83A7922}.Release_WP|Any CPU.ActiveCfg = Release|Any CPU
		{453B15C8-2AB2-4379-A2FB-EAC3E83A7922}.Release_WP|Any CPU.Build.0 = Release|Any CPU
		{453B15C8-2AB2-4379-A2FB-EAC3E83A7922}.Release|Any CPU.ActiveCfg = Release|Any CPU
		{453B15C8-2AB2-4379-A2FB-EAC3E83A7922}.Release|Any CPU.Build.0 = Release|Any CPU
		{F8BA1950-209D-477F-83D6-3F969C0CBEE6}.Debug_SL|Any CPU.ActiveCfg = Debug|Any CPU
		{F8BA1950-209D-477F-83D6-3F969C0CBEE6}.Debug_SL|Any CPU.Build.0 = Debug|Any CPU
		{F8BA1950-209D-477F-83D6-3F969C0CBEE6}.Debug_WP|Any CPU.ActiveCfg = Debug|Any CPU
		{F8BA1950-209D-477F-83D6-3F969C0CBEE6}.Debug_WP|Any CPU.Build.0 = Debug|Any CPU
		{F8BA1950-209D-477F-83D6-3F969C0CBEE6}.Debug|Any CPU.ActiveCfg = Debug|Any CPU
		{F8BA1950-209D-477F-83D6-3F969C0CBEE6}.Debug|Any CPU.Build.0 = Debug|Any CPU
		{F8BA1950-209D-477F-83D6-3F969C0CBEE6}.Release_WP|Any CPU.ActiveCfg = Release|Any CPU
		{F8BA1950-209D-477F-83D6-3F969C0CBEE6}.Release_WP|Any CPU.Build.0 = Release|Any CPU
		{F8BA1950-209D-477F-83D6-3F969C0CBEE6}.Release|Any CPU.ActiveCfg = Release|Any CPU
		{F8BA1950-209D-477F-83D6-3F969C0CBEE6}.Release|Any CPU.Build.0 = Release|Any CPU
		{A1DAC89C-5076-4455-83AF-261FAC8F4C7C}.Debug_SL|Any CPU.ActiveCfg = Debug|Any CPU
		{A1DAC89C-5076-4455-83AF-261FAC8F4C7C}.Debug_SL|Any CPU.Build.0 = Debug|Any CPU
		{A1DAC89C-5076-4455-83AF-261FAC8F4C7C}.Debug_WP|Any CPU.ActiveCfg = Debug|Any CPU
		{A1DAC89C-5076-4455-83AF-261FAC8F4C7C}.Debug_WP|Any CPU.Build.0 = Debug|Any CPU
		{A1DAC89C-5076-4455-83AF-261FAC8F4C7C}.Debug|Any CPU.ActiveCfg = Debug|Any CPU
		{A1DAC89C-5076-4455-83AF-261FAC8F4C7C}.Debug|Any CPU.Build.0 = Debug|Any CPU
		{A1DAC89C-5076-4455-83AF-261FAC8F4C7C}.Release_WP|Any CPU.ActiveCfg = Release|Any CPU
		{A1DAC89C-5076-4455-83AF-261FAC8F4C7C}.Release_WP|Any CPU.Build.0 = Release|Any CPU
		{A1DAC89C-5076-4455-83AF-261FAC8F4C7C}.Release|Any CPU.ActiveCfg = Release|Any CPU
		{A1DAC89C-5076-4455-83AF-261FAC8F4C7C}.Release|Any CPU.Build.0 = Release|Any CPU
		{E6CE7F1E-1BD2-4761-8086-1B4F3C4AE03E}.Debug_SL|Any CPU.ActiveCfg = Debug|Any CPU
		{E6CE7F1E-1BD2-4761-8086-1B4F3C4AE03E}.Debug_SL|Any CPU.Build.0 = Debug|Any CPU
		{E6CE7F1E-1BD2-4761-8086-1B4F3C4AE03E}.Debug_WP|Any CPU.ActiveCfg = Debug|Any CPU
		{E6CE7F1E-1BD2-4761-8086-1B4F3C4AE03E}.Debug_WP|Any CPU.Build.0 = Debug|Any CPU
		{E6CE7F1E-1BD2-4761-8086-1B4F3C4AE03E}.Debug|Any CPU.ActiveCfg = Debug|Any CPU
		{E6CE7F1E-1BD2-4761-8086-1B4F3C4AE03E}.Debug|Any CPU.Build.0 = Debug|Any CPU
		{E6CE7F1E-1BD2-4761-8086-1B4F3C4AE03E}.Release_WP|Any CPU.ActiveCfg = Release|Any CPU
		{E6CE7F1E-1BD2-4761-8086-1B4F3C4AE03E}.Release_WP|Any CPU.Build.0 = Release|Any CPU
		{E6CE7F1E-1BD2-4761-8086-1B4F3C4AE03E}.Release|Any CPU.ActiveCfg = Release|Any CPU
		{E6CE7F1E-1BD2-4761-8086-1B4F3C4AE03E}.Release|Any CPU.Build.0 = Release|Any CPU
		{7384961E-6335-4312-AF87-1189AE260572}.Debug_SL|Any CPU.ActiveCfg = Debug|Any CPU
		{7384961E-6335-4312-AF87-1189AE260572}.Debug_SL|Any CPU.Build.0 = Debug|Any CPU
		{7384961E-6335-4312-AF87-1189AE260572}.Debug_WP|Any CPU.ActiveCfg = Debug|Any CPU
		{7384961E-6335-4312-AF87-1189AE260572}.Debug_WP|Any CPU.Build.0 = Debug|Any CPU
		{7384961E-6335-4312-AF87-1189AE260572}.Debug|Any CPU.ActiveCfg = Debug|Any CPU
		{7384961E-6335-4312-AF87-1189AE260572}.Debug|Any CPU.Build.0 = Debug|Any CPU
		{7384961E-6335-4312-AF87-1189AE260572}.Release_WP|Any CPU.ActiveCfg = Release|Any CPU
		{7384961E-6335-4312-AF87-1189AE260572}.Release_WP|Any CPU.Build.0 = Release|Any CPU
		{7384961E-6335-4312-AF87-1189AE260572}.Release|Any CPU.ActiveCfg = Release|Any CPU
		{7384961E-6335-4312-AF87-1189AE260572}.Release|Any CPU.Build.0 = Release|Any CPU
	EndGlobalSection
	GlobalSection(SolutionProperties) = preSolution
		HideSolutionNode = FALSE
	EndGlobalSection
EndGlobal
